
Microsoft Visual Studio Solution File, Format Version 12.00
# Visual Studio Version 17
VisualStudioVersion = 17.3.32901.215
MinimumVisualStudioVersion = 10.0.40219.1
Project("{FAE04EC0-301F-11D3-BF4B-00C04F79EFBC}") = "Laba_3", "Laba_3\Laba_3.csproj", "{F1FEF2CC-182A-421F-BC40-84152FDB2A61}"
EndProject
Global
	GlobalSection(SolutionConfigurationPlatforms) = preSolution
		Debug|Any CPU = Debug|Any CPU
		Release|Any CPU = Release|Any CPU
	EndGlobalSection
	GlobalSection(ProjectConfigurationPlatforms) = postSolution
		{F1FEF2CC-182A-421F-BC40-84152FDB2A61}.Debug|Any CPU.ActiveCfg = Debug|Any CPU
		{F1FEF2CC-182A-421F-BC40-84152FDB2A61}.Debug|Any CPU.Build.0 = Debug|Any CPU
		{F1FEF2CC-182A-421F-BC40-84152FDB2A61}.Release|Any CPU.ActiveCfg = Release|Any CPU
		{F1FEF2CC-182A-421F-BC40-84152FDB2A61}.Release|Any CPU.Build.0 = Release|Any CPU
	EndGlobalSection
	GlobalSection(SolutionProperties) = preSolution
		HideSolutionNode = FALSE
	EndGlobalSection
	GlobalSection(ExtensibilityGlobals) = postSolution
		SolutionGuid = {28C05D97-84D5-4989-A9B1-4FE3EBF80E8D}
	EndGlobalSection
EndGlobal
